
Microsoft Visual Studio Solution File, Format Version 12.00
# Visual Studio 15
VisualStudioVersion = 15.0.28307.106
MinimumVisualStudioVersion = 10.0.40219.1
Project("{FAE04EC0-301F-11D3-BF4B-00C04F79EFBC}") = "mz_npc-spawn-control", "mz_npc-spawn-control\mz_npc-spawn-control.csproj", "{C60A3171-5682-4242-A6D2-13A4941E2C9A}"
EndProject
Global
	GlobalSection(SolutionConfigurationPlatforms) = preSolution
		Debug|Any CPU = Debug|Any CPU
		Release|Any CPU = Release|Any CPU
	EndGlobalSection
	GlobalSection(ProjectConfigurationPlatforms) = postSolution
		{C60A3171-5682-4242-A6D2-13A4941E2C9A}.Debug|Any CPU.ActiveCfg = Debug|Any CPU
		{C60A3171-5682-4242-A6D2-13A4941E2C9A}.Debug|Any CPU.Build.0 = Debug|Any CPU
		{C60A3171-5682-4242-A6D2-13A4941E2C9A}.Release|Any CPU.ActiveCfg = Release|Any CPU
		{C60A3171-5682-4242-A6D2-13A4941E2C9A}.Release|Any CPU.Build.0 = Release|Any CPU
	EndGlobalSection
	GlobalSection(SolutionProperties) = preSolution
		HideSolutionNode = FALSE
	EndGlobalSection
	GlobalSection(ExtensibilityGlobals) = postSolution
		SolutionGuid = {37EA6C68-940A-4EFF-9491-6E07DECCD9B6}
	EndGlobalSection
EndGlobal
